
Microsoft Visual Studio Solution File, Format Version 12.00
# Visual Studio 15
VisualStudioVersion = 15.0.28307.1267
MinimumVisualStudioVersion = 10.0.40219.1
Project("{FAE04EC0-301F-11D3-BF4B-00C04F79EFBC}") = "LibraryWebApplication", "LibraryWebApplication\LibraryWebApplication.csproj", "{AEACF04F-6083-4657-854F-F743E862C3F8}"
EndProject
Global
	GlobalSection(SolutionConfigurationPlatforms) = preSolution
		Debug|Any CPU = Debug|Any CPU
		Release|Any CPU = Release|Any CPU
	EndGlobalSection
	GlobalSection(ProjectConfigurationPlatforms) = postSolution
		{AEACF04F-6083-4657-854F-F743E862C3F8}.Debug|Any CPU.ActiveCfg = Debug|Any CPU
		{AEACF04F-6083-4657-854F-F743E862C3F8}.Debug|Any CPU.Build.0 = Debug|Any CPU
		{AEACF04F-6083-4657-854F-F743E862C3F8}.Release|Any CPU.ActiveCfg = Release|Any CPU
		{AEACF04F-6083-4657-854F-F743E862C3F8}.Release|Any CPU.Build.0 = Release|Any CPU
	EndGlobalSection
	GlobalSection(SolutionProperties) = preSolution
		HideSolutionNode = FALSE
	EndGlobalSection
	GlobalSection(ExtensibilityGlobals) = postSolution
		SolutionGuid = {68DB054F-9CBF-48C9-B0FD-B81249A28E90}
	EndGlobalSection
EndGlobal
